
Microsoft Visual Studio Solution File, Format Version 12.00
# Visual Studio Version 17
VisualStudioVersion = 17.1.32210.238
MinimumVisualStudioVersion = 10.0.40219.1
Project("{FAE04EC0-301F-11D3-BF4B-00C04F79EFBC}") = "UserLogin", "UserLogin\UserLogin.csproj", "{3453825B-E5A3-405F-A2D0-EF56A5D67CD6}"
EndProject
Global
	GlobalSection(SolutionConfigurationPlatforms) = preSolution
		Debug|Any CPU = Debug|Any CPU
		Release|Any CPU = Release|Any CPU
	EndGlobalSection
	GlobalSection(ProjectConfigurationPlatforms) = postSolution
		{3453825B-E5A3-405F-A2D0-EF56A5D67CD6}.Debug|Any CPU.ActiveCfg = Debug|Any CPU
		{3453825B-E5A3-405F-A2D0-EF56A5D67CD6}.Debug|Any CPU.Build.0 = Debug|Any CPU
		{3453825B-E5A3-405F-A2D0-EF56A5D67CD6}.Release|Any CPU.ActiveCfg = Release|Any CPU
		{3453825B-E5A3-405F-A2D0-EF56A5D67CD6}.Release|Any CPU.Build.0 = Release|Any CPU
	EndGlobalSection
	GlobalSection(SolutionProperties) = preSolution
		HideSolutionNode = FALSE
	EndGlobalSection
	GlobalSection(ExtensibilityGlobals) = postSolution
		SolutionGuid = {C5660C56-D20C-4860-9139-C7246C1A78E3}
	EndGlobalSection
EndGlobal
